Microsoft Visual Studio Solution File, Format Version 11.00
# Visual Studio 2008

Project("{F99EF281-838D-1DD5-3DEF-5B422169377A}") = "HOPA_Test", "Assembly-CSharp.csproj", "{68BEC717-3477-0669-6388-3D5D72092ED3}"
EndProject
Global
	GlobalSection(SolutionConfigurationPlatforms) = preSolution
		Debug|Any CPU = Debug|Any CPU
		Release|Any CPU = Release|Any CPU
	EndGlobalSection
	GlobalSection(ProjectConfigurationPlatforms) = postSolution
		{68BEC717-3477-0669-6388-3D5D72092ED3}.Debug|Any CPU.ActiveCfg = Debug|Any CPU
		{68BEC717-3477-0669-6388-3D5D72092ED3}.Debug|Any CPU.Build.0 = Debug|Any CPU
		{68BEC717-3477-0669-6388-3D5D72092ED3}.Release|Any CPU.ActiveCfg = Release|Any CPU
		{68BEC717-3477-0669-6388-3D5D72092ED3}.Release|Any CPU.Build.0 = Release|Any CPU
	EndGlobalSection
	GlobalSection(SolutionProperties) = preSolution
		HideSolutionNode = FALSE
	EndGlobalSection
		GlobalSection(MonoDevelopProperties) = preSolution
		StartupItem = Assembly-CSharp.csproj
		Policies = $0
		$0.TextStylePolicy = $1
		$1.inheritsSet = null
		$1.scope = text/x-csharp
		$0.CSharpFormattingPolicy = $2
		$2.inheritsSet = Mono
		$2.inheritsScope = text/x-csharp
		$2.scope = text/x-csharp
		$0.TextStylePolicy = $3
		$3.FileWidth = 120
		$3.TabWidth = 4
		$3.IndentWidth = 4
		$3.EolMarker = Unix
		$3.inheritsSet = Mono
		$3.inheritsScope = text/plain
		$3.scope = text/plain
	EndGlobalSection

EndGlobal
